
Microsoft Visual Studio Solution File, Format Version 12.00
# Visual Studio Version 16
VisualStudioVersion = 16.0.32929.386
MinimumVisualStudioVersion = 10.0.40219.1
Project("{FAE04EC0-301F-11D3-BF4B-00C04F79EFBC}") = "NormalDistributionGraph", "NormalDistributionGraph.csproj", "{1E2CC9BF-718C-4014-AB7C-16BB05F21CA0}"
EndProject
Project("{FAE04EC0-301F-11D3-BF4B-00C04F79EFBC}") = "ModelUnitTest", "..\UnitTestProject1\ModelUnitTest.csproj", "{2884A676-F915-4993-B21F-5C1A24B4335B}"
EndProject
Global
	GlobalSection(SolutionConfigurationPlatforms) = preSolution
		Debug|Any CPU = Debug|Any CPU
		Release|Any CPU = Release|Any CPU
	EndGlobalSection
	GlobalSection(ProjectConfigurationPlatforms) = postSolution
		{1E2CC9BF-718C-4014-AB7C-16BB05F21CA0}.Debug|Any CPU.ActiveCfg = Debug|Any CPU
		{1E2CC9BF-718C-4014-AB7C-16BB05F21CA0}.Debug|Any CPU.Build.0 = Debug|Any CPU
		{1E2CC9BF-718C-4014-AB7C-16BB05F21CA0}.Release|Any CPU.ActiveCfg = Release|Any CPU
		{1E2CC9BF-718C-4014-AB7C-16BB05F21CA0}.Release|Any CPU.Build.0 = Release|Any CPU
		{2884A676-F915-4993-B21F-5C1A24B4335B}.Debug|Any CPU.ActiveCfg = Debug|Any CPU
		{2884A676-F915-4993-B21F-5C1A24B4335B}.Debug|Any CPU.Build.0 = Debug|Any CPU
		{2884A676-F915-4993-B21F-5C1A24B4335B}.Release|Any CPU.ActiveCfg = Release|Any CPU
		{2884A676-F915-4993-B21F-5C1A24B4335B}.Release|Any CPU.Build.0 = Release|Any CPU
	EndGlobalSection
	GlobalSection(SolutionProperties) = preSolution
		HideSolutionNode = FALSE
	EndGlobalSection
	GlobalSection(ExtensibilityGlobals) = postSolution
		SolutionGuid = {E45FBAC2-BB60-4745-9F9E-6EF5B6C20096}
	EndGlobalSection
EndGlobal
